
Microsoft Visual Studio Solution File, Format Version 12.00
Project("{FAE04EC0-301F-11D3-BF4B-00C04F79EFBC}") = "TomeTracker.Domain", "TomeTracker.Domain\TomeTracker.Domain.csproj", "{8839BAC4-E639-44F6-B22A-F96CBDB11AA7}"
EndProject
Project("{2150E333-8FDC-42A3-9474-1A3956D46DE8}") = ".configs", ".configs", "{316FB872-0201-497C-B6C8-343B518CB1AA}"
	ProjectSection(SolutionItems) = preProject
		.editorconfig = .editorconfig
		.gitignore = .gitignore
		..\.editorconfig = ..\.editorconfig
	EndProjectSection
EndProject
Project("{FAE04EC0-301F-11D3-BF4B-00C04F79EFBC}") = "TomeTracker.Application", "TomeTracker.Application\TomeTracker.Application.csproj", "{B628B4DF-D9CA-46F0-93D0-E616074414DD}"
EndProject
Project("{FAE04EC0-301F-11D3-BF4B-00C04F79EFBC}") = "TomeTracker.Infra.Persistence", "TomeTracker.Infra.Persistence\TomeTracker.Infra.Persistence.csproj", "{6665EBF5-4245-4721-92FD-5E2FE0C879D8}"
EndProject
Project("{FAE04EC0-301F-11D3-BF4B-00C04F79EFBC}") = "TomeTracker.API", "TomeTracker.API\TomeTracker.API.csproj", "{3CCC1893-A9D0-411B-9824-F8990DC71435}"
EndProject
Project("{2150E333-8FDC-42A3-9474-1A3956D46DE8}") = "4.Core", "4.Core", "{36F2F75D-E108-450A-9652-7F5427245026}"
EndProject
Project("{2150E333-8FDC-42A3-9474-1A3956D46DE8}") = "2.Infrastructure", "2.Infrastructure", "{55957B9D-2194-47A4-8EBC-099CBB5374E7}"
EndProject
Project("{2150E333-8FDC-42A3-9474-1A3956D46DE8}") = "Test", "Test", "{21328807-658C-42DA-8E09-C4103F7CB1C5}"
EndProject
Project("{2150E333-8FDC-42A3-9474-1A3956D46DE8}") = "1.Presentation", "1.Presentation", "{AC11DEF5-FCAC-4500-B173-B9A7ACD6AB34}"
EndProject
Project("{FAE04EC0-301F-11D3-BF4B-00C04F79EFBC}") = "TomeTracker.UnitTest", "TomeTracker.UnitTest\TomeTracker.UnitTest.csproj", "{B3036865-DCC8-449F-B271-E1010287B9C8}"
EndProject
Project("{2150E333-8FDC-42A3-9474-1A3956D46DE8}") = "3.Application", "3.Application", "{73ABC4F1-5A3C-4312-8B90-9A4EF1484AF4}"
EndProject
Project("{FAE04EC0-301F-11D3-BF4B-00C04F79EFBC}") = "TomeTracker.Common", "TomeTracker.Common\TomeTracker.Common.csproj", "{08F11D97-737F-412F-8B6D-9D91B6107D9E}"
EndProject
Global
	GlobalSection(SolutionConfigurationPlatforms) = preSolution
		Debug|Any CPU = Debug|Any CPU
		Release|Any CPU = Release|Any CPU
	EndGlobalSection
	GlobalSection(ProjectConfigurationPlatforms) = postSolution
		{8839BAC4-E639-44F6-B22A-F96CBDB11AA7}.Debug|Any CPU.ActiveCfg = Debug|Any CPU
		{8839BAC4-E639-44F6-B22A-F96CBDB11AA7}.Debug|Any CPU.Build.0 = Debug|Any CPU
		{8839BAC4-E639-44F6-B22A-F96CBDB11AA7}.Release|Any CPU.ActiveCfg = Release|Any CPU
		{8839BAC4-E639-44F6-B22A-F96CBDB11AA7}.Release|Any CPU.Build.0 = Release|Any CPU
		{B628B4DF-D9CA-46F0-93D0-E616074414DD}.Debug|Any CPU.ActiveCfg = Debug|Any CPU
		{B628B4DF-D9CA-46F0-93D0-E616074414DD}.Debug|Any CPU.Build.0 = Debug|Any CPU
		{B628B4DF-D9CA-46F0-93D0-E616074414DD}.Release|Any CPU.ActiveCfg = Release|Any CPU
		{B628B4DF-D9CA-46F0-93D0-E616074414DD}.Release|Any CPU.Build.0 = Release|Any CPU
		{6665EBF5-4245-4721-92FD-5E2FE0C879D8}.Debug|Any CPU.ActiveCfg = Debug|Any CPU
		{6665EBF5-4245-4721-92FD-5E2FE0C879D8}.Debug|Any CPU.Build.0 = Debug|Any CPU
		{6665EBF5-4245-4721-92FD-5E2FE0C879D8}.Release|Any CPU.ActiveCfg = Release|Any CPU
		{6665EBF5-4245-4721-92FD-5E2FE0C879D8}.Release|Any CPU.Build.0 = Release|Any CPU
		{3CCC1893-A9D0-411B-9824-F8990DC71435}.Debug|Any CPU.ActiveCfg = Debug|Any CPU
		{3CCC1893-A9D0-411B-9824-F8990DC71435}.Debug|Any CPU.Build.0 = Debug|Any CPU
		{3CCC1893-A9D0-411B-9824-F8990DC71435}.Release|Any CPU.ActiveCfg = Release|Any CPU
		{3CCC1893-A9D0-411B-9824-F8990DC71435}.Release|Any CPU.Build.0 = Release|Any CPU
		{B3036865-DCC8-449F-B271-E1010287B9C8}.Debug|Any CPU.ActiveCfg = Debug|Any CPU
		{B3036865-DCC8-449F-B271-E1010287B9C8}.Debug|Any CPU.Build.0 = Debug|Any CPU
		{B3036865-DCC8-449F-B271-E1010287B9C8}.Release|Any CPU.ActiveCfg = Release|Any CPU
		{B3036865-DCC8-449F-B271-E1010287B9C8}.Release|Any CPU.Build.0 = Release|Any CPU
		{08F11D97-737F-412F-8B6D-9D91B6107D9E}.Debug|Any CPU.ActiveCfg = Debug|Any CPU
		{08F11D97-737F-412F-8B6D-9D91B6107D9E}.Debug|Any CPU.Build.0 = Debug|Any CPU
		{08F11D97-737F-412F-8B6D-9D91B6107D9E}.Release|Any CPU.ActiveCfg = Release|Any CPU
		{08F11D97-737F-412F-8B6D-9D91B6107D9E}.Release|Any CPU.Build.0 = Release|Any CPU
	EndGlobalSection
	GlobalSection(NestedProjects) = preSolution
		{8839BAC4-E639-44F6-B22A-F96CBDB11AA7} = {36F2F75D-E108-450A-9652-7F5427245026}
		{6665EBF5-4245-4721-92FD-5E2FE0C879D8} = {55957B9D-2194-47A4-8EBC-099CBB5374E7}
		{3CCC1893-A9D0-411B-9824-F8990DC71435} = {AC11DEF5-FCAC-4500-B173-B9A7ACD6AB34}
		{B3036865-DCC8-449F-B271-E1010287B9C8} = {21328807-658C-42DA-8E09-C4103F7CB1C5}
		{B628B4DF-D9CA-46F0-93D0-E616074414DD} = {73ABC4F1-5A3C-4312-8B90-9A4EF1484AF4}
		{08F11D97-737F-412F-8B6D-9D91B6107D9E} = {36F2F75D-E108-450A-9652-7F5427245026}
	EndGlobalSection
EndGlobal
