
Microsoft Visual Studio Solution File, Format Version 12.00
Project("{2150E333-8FDC-42A3-9474-1A3956D46DE8}") = ".configs", ".configs", "{316FB872-0201-497C-B6C8-343B518CB1AA}"
	ProjectSection(SolutionItems) = preProject
		.editorconfig = .editorconfig
		.gitignore = .gitignore
		..\.editorconfig = ..\.editorconfig
	EndProjectSection
EndProject
Project("{2150E333-8FDC-42A3-9474-1A3956D46DE8}") = "Shared", "Shared", "{E78ED172-1BE2-461C-AD2C-4CF77C2A28F7}"
EndProject
Project("{2150E333-8FDC-42A3-9474-1A3956D46DE8}") = "Modules", "Modules", "{7B413C74-0352-4D71-A338-D0F92695BA98}"
EndProject
Project("{2150E333-8FDC-42A3-9474-1A3956D46DE8}") = "Auth", "Auth", "{D736BC1A-48AF-4C95-B9F1-AC4F1FC0E6FE}"
EndProject
Project("{2150E333-8FDC-42A3-9474-1A3956D46DE8}") = "Books", "Books", "{B47D9182-6A3E-40DD-8580-3968E42FC5B4}"
EndProject
Project("{2150E333-8FDC-42A3-9474-1A3956D46DE8}") = "Users", "Users", "{13EB5BA7-242E-45A6-9E2F-7825F104AD13}"
EndProject
Project("{2150E333-8FDC-42A3-9474-1A3956D46DE8}") = "Loans", "Loans", "{7DC5D542-87A6-4642-B31C-9482764CFDC3}"
EndProject
Project("{2150E333-8FDC-42A3-9474-1A3956D46DE8}") = "Reservations", "Reservations", "{077C026A-18CB-419E-A2BA-B6BBE745E0E0}"
EndProject
Project("{2150E333-8FDC-42A3-9474-1A3956D46DE8}") = "Notifications", "Notifications", "{34CBC134-94A1-42F9-9ECF-801FC9786DCE}"
EndProject
Project("{2150E333-8FDC-42A3-9474-1A3956D46DE8}") = "Reports", "Reports", "{22E87183-8BAD-4DE1-82AC-64839BE12EA7}"
EndProject
Project("{FAE04EC0-301F-11D3-BF4B-00C04F79EFBC}") = "TomeTracker.Auth.Domain", "Modules\Auth\TomeTracker.Auth.Domain\TomeTracker.Auth.Domain.csproj", "{D9A64F77-2467-4568-A901-435C4CA941C1}"
EndProject
Project("{FAE04EC0-301F-11D3-BF4B-00C04F79EFBC}") = "TomeTracker.Auth.Application", "Modules\Auth\TomeTracker.Auth.Application\TomeTracker.Auth.Application.csproj", "{365ADC7B-0AF9-4B7A-AE29-AA97396BBF97}"
EndProject
Project("{FAE04EC0-301F-11D3-BF4B-00C04F79EFBC}") = "TomeTracker.Auth.Infrastructure", "Modules\Auth\TomeTracker.Auth.Infrastructure\TomeTracker.Auth.Infrastructure.csproj", "{949C6D68-5DDB-4A42-9523-B1FBBC2522A2}"
EndProject
Project("{FAE04EC0-301F-11D3-BF4B-00C04F79EFBC}") = "TomeTracker.Books.Domain", "Modules\Books\TomeTracker.Books.Domain\TomeTracker.Books.Domain.csproj", "{F7A6DF47-619A-457C-A013-185C08B19E33}"
EndProject
Project("{FAE04EC0-301F-11D3-BF4B-00C04F79EFBC}") = "TomeTracker.Books.Application", "Modules\Books\TomeTracker.Books.Application\TomeTracker.Books.Application.csproj", "{795B1692-D051-4D36-8209-CC0D89963E8A}"
EndProject
Project("{FAE04EC0-301F-11D3-BF4B-00C04F79EFBC}") = "TomeTracker.Books.Infrastructure", "Modules\Books\TomeTracker.Books.Infrastructure\TomeTracker.Books.Infrastructure.csproj", "{9EE43E84-5CBA-490C-80AF-D9B79B22BE12}"
EndProject
Project("{FAE04EC0-301F-11D3-BF4B-00C04F79EFBC}") = "TomeTracker.Loans.Domain", "Modules\Loans\TomeTracker.Loans.Domain\TomeTracker.Loans.Domain.csproj", "{6CCE97D3-908F-469D-914A-DD300BF718AF}"
EndProject
Project("{FAE04EC0-301F-11D3-BF4B-00C04F79EFBC}") = "TomeTracker.Loans.Application", "Modules\Loans\TomeTracker.Loans.Application\TomeTracker.Loans.Application.csproj", "{FB5AAD17-DEEB-405C-8AED-141CADE85885}"
EndProject
Project("{FAE04EC0-301F-11D3-BF4B-00C04F79EFBC}") = "TomeTracker.Loans.Infrastructure", "Modules\Loans\TomeTracker.Loans.Infrastructure\TomeTracker.Loans.Infrastructure.csproj", "{7442EBE9-69AA-4DE7-B607-F185B69D2D5C}"
EndProject
Project("{FAE04EC0-301F-11D3-BF4B-00C04F79EFBC}") = "TomeTracker.Notifications.Domain", "Modules\Notifications\TomeTracker.Notifications.Domain\TomeTracker.Notifications.Domain.csproj", "{649D97E2-E1AA-48A8-AF76-B6617437AA19}"
EndProject
Project("{FAE04EC0-301F-11D3-BF4B-00C04F79EFBC}") = "TomeTracker.Reports.Application", "Modules\Reports\TomeTracker.Reports.Application\TomeTracker.Reports.Application.csproj", "{8FB0ED40-3388-499A-948C-4AD62F575910}"
EndProject
Project("{FAE04EC0-301F-11D3-BF4B-00C04F79EFBC}") = "TomeTracker.Notifications.Application", "Modules\Notifications\TomeTracker.Notifications.Application\TomeTracker.Notifications.Application.csproj", "{7F48CD89-8F5C-4D79-8EDE-197E98E98FFC}"
EndProject
Project("{FAE04EC0-301F-11D3-BF4B-00C04F79EFBC}") = "TomeTracker.Notifications.Infrastructure", "Modules\Notifications\TomeTracker.Notifications.Infrastructure\TomeTracker.Notifications.Infrastructure.csproj", "{0009DB9A-0E29-478C-A292-659C7744D69F}"
EndProject
Project("{FAE04EC0-301F-11D3-BF4B-00C04F79EFBC}") = "TomeTracker.Reports.Domain", "Modules\Reports\TomeTracker.Reports.Domain\TomeTracker.Reports.Domain.csproj", "{E023A2B1-7155-4D87-929D-5AB2A1639BFF}"
EndProject
Project("{FAE04EC0-301F-11D3-BF4B-00C04F79EFBC}") = "TomeTracker.Reports.Infrastructure", "Modules\Reports\TomeTracker.Reports.Infrastructure\TomeTracker.Reports.Infrastructure.csproj", "{F60E3DB8-1A48-422F-9DC0-4355298D9FB8}"
EndProject
Project("{FAE04EC0-301F-11D3-BF4B-00C04F79EFBC}") = "TomeTracker.Common", "Shared\TomeTracker.Common\TomeTracker.Common.csproj", "{6285BCEC-B05F-4A6C-B8AC-0719ECD43293}"
EndProject
Project("{FAE04EC0-301F-11D3-BF4B-00C04F79EFBC}") = "TomeTracker.Reservations.Domain", "Modules\Reservations\TomeTracker.Reservations.Domain\TomeTracker.Reservations.Domain.csproj", "{CD423FD0-5DB2-469C-BA31-739338290466}"
EndProject
Project("{FAE04EC0-301F-11D3-BF4B-00C04F79EFBC}") = "TomeTracker.Reservations.Application", "Modules\Reservations\TomeTracker.Reservations.Application\TomeTracker.Reservations.Application.csproj", "{392C776A-C9C7-4435-A1F5-552246AEAD0D}"
EndProject
Project("{FAE04EC0-301F-11D3-BF4B-00C04F79EFBC}") = "TomeTracker.Reseervations.Insfrastructure", "Modules\Reservations\TomeTracker.Reseervations.Insfrastructure\TomeTracker.Reseervations.Insfrastructure.csproj", "{30F938BD-C19A-4A3F-B531-F045EEBDDE73}"
EndProject
Project("{FAE04EC0-301F-11D3-BF4B-00C04F79EFBC}") = "TomeTracker.Users.Domain", "Modules\Users\TomeTracker.Users.Domain\TomeTracker.Users.Domain.csproj", "{CFB19D0C-52C3-4269-BB6E-846819EA3DFB}"
EndProject
Project("{FAE04EC0-301F-11D3-BF4B-00C04F79EFBC}") = "TomeTracker.Users.Application", "Modules\Users\TomeTracker.Users.Application\TomeTracker.Users.Application.csproj", "{DA5F6B82-AA4B-4A0D-8DC0-FB07E7289CD4}"
EndProject
Project("{FAE04EC0-301F-11D3-BF4B-00C04F79EFBC}") = "TomeTracker.Users.Infrastructure", "Modules\Users\TomeTracker.Users.Infrastructure\TomeTracker.Users.Infrastructure.csproj", "{0A6F8A63-304D-4EA6-9006-A5957BB497CF}"
EndProject
Project("{FAE04EC0-301F-11D3-BF4B-00C04F79EFBC}") = "TomeTracker.Fines.Domain", "Modules\Fines\TomeTracker.Fines.Domain\TomeTracker.Fines.Domain.csproj", "{8DAA3A2E-D846-4241-BD11-D8A9F038AFDF}"
EndProject
Project("{2150E333-8FDC-42A3-9474-1A3956D46DE8}") = "Fines", "Fines", "{1A4C9953-9151-47F0-AAAF-9325D9158006}"
EndProject
Project("{FAE04EC0-301F-11D3-BF4B-00C04F79EFBC}") = "TomerTracker.Fines.Infrastructure", "Modules\Fines\TomerTracker.Fines.Infrastructure\TomerTracker.Fines.Infrastructure.csproj", "{A7FE5AFA-C958-4AD8-A54C-84F2605C0EE3}"
EndProject
Project("{FAE04EC0-301F-11D3-BF4B-00C04F79EFBC}") = "TomeTracker.Fines.Application", "Modules\Fines\TomeTracker.Fines.Application\TomeTracker.Fines.Application.csproj", "{28507992-A28D-45B4-8B76-5A63F70F9891}"
EndProject
Global
	GlobalSection(SolutionConfigurationPlatforms) = preSolution
		Debug|Any CPU = Debug|Any CPU
		Release|Any CPU = Release|Any CPU
	EndGlobalSection
	GlobalSection(ProjectConfigurationPlatforms) = postSolution
		{D9A64F77-2467-4568-A901-435C4CA941C1}.Debug|Any CPU.ActiveCfg = Debug|Any CPU
		{D9A64F77-2467-4568-A901-435C4CA941C1}.Debug|Any CPU.Build.0 = Debug|Any CPU
		{D9A64F77-2467-4568-A901-435C4CA941C1}.Release|Any CPU.ActiveCfg = Release|Any CPU
		{D9A64F77-2467-4568-A901-435C4CA941C1}.Release|Any CPU.Build.0 = Release|Any CPU
		{365ADC7B-0AF9-4B7A-AE29-AA97396BBF97}.Debug|Any CPU.ActiveCfg = Debug|Any CPU
		{365ADC7B-0AF9-4B7A-AE29-AA97396BBF97}.Debug|Any CPU.Build.0 = Debug|Any CPU
		{365ADC7B-0AF9-4B7A-AE29-AA97396BBF97}.Release|Any CPU.ActiveCfg = Release|Any CPU
		{365ADC7B-0AF9-4B7A-AE29-AA97396BBF97}.Release|Any CPU.Build.0 = Release|Any CPU
		{949C6D68-5DDB-4A42-9523-B1FBBC2522A2}.Debug|Any CPU.ActiveCfg = Debug|Any CPU
		{949C6D68-5DDB-4A42-9523-B1FBBC2522A2}.Debug|Any CPU.Build.0 = Debug|Any CPU
		{949C6D68-5DDB-4A42-9523-B1FBBC2522A2}.Release|Any CPU.ActiveCfg = Release|Any CPU
		{949C6D68-5DDB-4A42-9523-B1FBBC2522A2}.Release|Any CPU.Build.0 = Release|Any CPU
		{F7A6DF47-619A-457C-A013-185C08B19E33}.Debug|Any CPU.ActiveCfg = Debug|Any CPU
		{F7A6DF47-619A-457C-A013-185C08B19E33}.Debug|Any CPU.Build.0 = Debug|Any CPU
		{F7A6DF47-619A-457C-A013-185C08B19E33}.Release|Any CPU.ActiveCfg = Release|Any CPU
		{F7A6DF47-619A-457C-A013-185C08B19E33}.Release|Any CPU.Build.0 = Release|Any CPU
		{795B1692-D051-4D36-8209-CC0D89963E8A}.Debug|Any CPU.ActiveCfg = Debug|Any CPU
		{795B1692-D051-4D36-8209-CC0D89963E8A}.Debug|Any CPU.Build.0 = Debug|Any CPU
		{795B1692-D051-4D36-8209-CC0D89963E8A}.Release|Any CPU.ActiveCfg = Release|Any CPU
		{795B1692-D051-4D36-8209-CC0D89963E8A}.Release|Any CPU.Build.0 = Release|Any CPU
		{9EE43E84-5CBA-490C-80AF-D9B79B22BE12}.Debug|Any CPU.ActiveCfg = Debug|Any CPU
		{9EE43E84-5CBA-490C-80AF-D9B79B22BE12}.Debug|Any CPU.Build.0 = Debug|Any CPU
		{9EE43E84-5CBA-490C-80AF-D9B79B22BE12}.Release|Any CPU.ActiveCfg = Release|Any CPU
		{9EE43E84-5CBA-490C-80AF-D9B79B22BE12}.Release|Any CPU.Build.0 = Release|Any CPU
		{6CCE97D3-908F-469D-914A-DD300BF718AF}.Debug|Any CPU.ActiveCfg = Debug|Any CPU
		{6CCE97D3-908F-469D-914A-DD300BF718AF}.Debug|Any CPU.Build.0 = Debug|Any CPU
		{6CCE97D3-908F-469D-914A-DD300BF718AF}.Release|Any CPU.ActiveCfg = Release|Any CPU
		{6CCE97D3-908F-469D-914A-DD300BF718AF}.Release|Any CPU.Build.0 = Release|Any CPU
		{FB5AAD17-DEEB-405C-8AED-141CADE85885}.Debug|Any CPU.ActiveCfg = Debug|Any CPU
		{FB5AAD17-DEEB-405C-8AED-141CADE85885}.Debug|Any CPU.Build.0 = Debug|Any CPU
		{FB5AAD17-DEEB-405C-8AED-141CADE85885}.Release|Any CPU.ActiveCfg = Release|Any CPU
		{FB5AAD17-DEEB-405C-8AED-141CADE85885}.Release|Any CPU.Build.0 = Release|Any CPU
		{7442EBE9-69AA-4DE7-B607-F185B69D2D5C}.Debug|Any CPU.ActiveCfg = Debug|Any CPU
		{7442EBE9-69AA-4DE7-B607-F185B69D2D5C}.Debug|Any CPU.Build.0 = Debug|Any CPU
		{7442EBE9-69AA-4DE7-B607-F185B69D2D5C}.Release|Any CPU.ActiveCfg = Release|Any CPU
		{7442EBE9-69AA-4DE7-B607-F185B69D2D5C}.Release|Any CPU.Build.0 = Release|Any CPU
		{649D97E2-E1AA-48A8-AF76-B6617437AA19}.Debug|Any CPU.ActiveCfg = Debug|Any CPU
		{649D97E2-E1AA-48A8-AF76-B6617437AA19}.Debug|Any CPU.Build.0 = Debug|Any CPU
		{649D97E2-E1AA-48A8-AF76-B6617437AA19}.Release|Any CPU.ActiveCfg = Release|Any CPU
		{649D97E2-E1AA-48A8-AF76-B6617437AA19}.Release|Any CPU.Build.0 = Release|Any CPU
		{8FB0ED40-3388-499A-948C-4AD62F575910}.Debug|Any CPU.ActiveCfg = Debug|Any CPU
		{8FB0ED40-3388-499A-948C-4AD62F575910}.Debug|Any CPU.Build.0 = Debug|Any CPU
		{8FB0ED40-3388-499A-948C-4AD62F575910}.Release|Any CPU.ActiveCfg = Release|Any CPU
		{8FB0ED40-3388-499A-948C-4AD62F575910}.Release|Any CPU.Build.0 = Release|Any CPU
		{7F48CD89-8F5C-4D79-8EDE-197E98E98FFC}.Debug|Any CPU.ActiveCfg = Debug|Any CPU
		{7F48CD89-8F5C-4D79-8EDE-197E98E98FFC}.Debug|Any CPU.Build.0 = Debug|Any CPU
		{7F48CD89-8F5C-4D79-8EDE-197E98E98FFC}.Release|Any CPU.ActiveCfg = Release|Any CPU
		{7F48CD89-8F5C-4D79-8EDE-197E98E98FFC}.Release|Any CPU.Build.0 = Release|Any CPU
		{0009DB9A-0E29-478C-A292-659C7744D69F}.Debug|Any CPU.ActiveCfg = Debug|Any CPU
		{0009DB9A-0E29-478C-A292-659C7744D69F}.Debug|Any CPU.Build.0 = Debug|Any CPU
		{0009DB9A-0E29-478C-A292-659C7744D69F}.Release|Any CPU.ActiveCfg = Release|Any CPU
		{0009DB9A-0E29-478C-A292-659C7744D69F}.Release|Any CPU.Build.0 = Release|Any CPU
		{E023A2B1-7155-4D87-929D-5AB2A1639BFF}.Debug|Any CPU.ActiveCfg = Debug|Any CPU
		{E023A2B1-7155-4D87-929D-5AB2A1639BFF}.Debug|Any CPU.Build.0 = Debug|Any CPU
		{E023A2B1-7155-4D87-929D-5AB2A1639BFF}.Release|Any CPU.ActiveCfg = Release|Any CPU
		{E023A2B1-7155-4D87-929D-5AB2A1639BFF}.Release|Any CPU.Build.0 = Release|Any CPU
		{F60E3DB8-1A48-422F-9DC0-4355298D9FB8}.Debug|Any CPU.ActiveCfg = Debug|Any CPU
		{F60E3DB8-1A48-422F-9DC0-4355298D9FB8}.Debug|Any CPU.Build.0 = Debug|Any CPU
		{F60E3DB8-1A48-422F-9DC0-4355298D9FB8}.Release|Any CPU.ActiveCfg = Release|Any CPU
		{F60E3DB8-1A48-422F-9DC0-4355298D9FB8}.Release|Any CPU.Build.0 = Release|Any CPU
		{6285BCEC-B05F-4A6C-B8AC-0719ECD43293}.Debug|Any CPU.ActiveCfg = Debug|Any CPU
		{6285BCEC-B05F-4A6C-B8AC-0719ECD43293}.Debug|Any CPU.Build.0 = Debug|Any CPU
		{6285BCEC-B05F-4A6C-B8AC-0719ECD43293}.Release|Any CPU.ActiveCfg = Release|Any CPU
		{6285BCEC-B05F-4A6C-B8AC-0719ECD43293}.Release|Any CPU.Build.0 = Release|Any CPU
		{CD423FD0-5DB2-469C-BA31-739338290466}.Debug|Any CPU.ActiveCfg = Debug|Any CPU
		{CD423FD0-5DB2-469C-BA31-739338290466}.Debug|Any CPU.Build.0 = Debug|Any CPU
		{CD423FD0-5DB2-469C-BA31-739338290466}.Release|Any CPU.ActiveCfg = Release|Any CPU
		{CD423FD0-5DB2-469C-BA31-739338290466}.Release|Any CPU.Build.0 = Release|Any CPU
		{392C776A-C9C7-4435-A1F5-552246AEAD0D}.Debug|Any CPU.ActiveCfg = Debug|Any CPU
		{392C776A-C9C7-4435-A1F5-552246AEAD0D}.Debug|Any CPU.Build.0 = Debug|Any CPU
		{392C776A-C9C7-4435-A1F5-552246AEAD0D}.Release|Any CPU.ActiveCfg = Release|Any CPU
		{392C776A-C9C7-4435-A1F5-552246AEAD0D}.Release|Any CPU.Build.0 = Release|Any CPU
		{30F938BD-C19A-4A3F-B531-F045EEBDDE73}.Debug|Any CPU.ActiveCfg = Debug|Any CPU
		{30F938BD-C19A-4A3F-B531-F045EEBDDE73}.Debug|Any CPU.Build.0 = Debug|Any CPU
		{30F938BD-C19A-4A3F-B531-F045EEBDDE73}.Release|Any CPU.ActiveCfg = Release|Any CPU
		{30F938BD-C19A-4A3F-B531-F045EEBDDE73}.Release|Any CPU.Build.0 = Release|Any CPU
		{CFB19D0C-52C3-4269-BB6E-846819EA3DFB}.Debug|Any CPU.ActiveCfg = Debug|Any CPU
		{CFB19D0C-52C3-4269-BB6E-846819EA3DFB}.Debug|Any CPU.Build.0 = Debug|Any CPU
		{CFB19D0C-52C3-4269-BB6E-846819EA3DFB}.Release|Any CPU.ActiveCfg = Release|Any CPU
		{CFB19D0C-52C3-4269-BB6E-846819EA3DFB}.Release|Any CPU.Build.0 = Release|Any CPU
		{DA5F6B82-AA4B-4A0D-8DC0-FB07E7289CD4}.Debug|Any CPU.ActiveCfg = Debug|Any CPU
		{DA5F6B82-AA4B-4A0D-8DC0-FB07E7289CD4}.Debug|Any CPU.Build.0 = Debug|Any CPU
		{DA5F6B82-AA4B-4A0D-8DC0-FB07E7289CD4}.Release|Any CPU.ActiveCfg = Release|Any CPU
		{DA5F6B82-AA4B-4A0D-8DC0-FB07E7289CD4}.Release|Any CPU.Build.0 = Release|Any CPU
		{0A6F8A63-304D-4EA6-9006-A5957BB497CF}.Debug|Any CPU.ActiveCfg = Debug|Any CPU
		{0A6F8A63-304D-4EA6-9006-A5957BB497CF}.Debug|Any CPU.Build.0 = Debug|Any CPU
		{0A6F8A63-304D-4EA6-9006-A5957BB497CF}.Release|Any CPU.ActiveCfg = Release|Any CPU
		{0A6F8A63-304D-4EA6-9006-A5957BB497CF}.Release|Any CPU.Build.0 = Release|Any CPU
		{8DAA3A2E-D846-4241-BD11-D8A9F038AFDF}.Debug|Any CPU.ActiveCfg = Debug|Any CPU
		{8DAA3A2E-D846-4241-BD11-D8A9F038AFDF}.Debug|Any CPU.Build.0 = Debug|Any CPU
		{8DAA3A2E-D846-4241-BD11-D8A9F038AFDF}.Release|Any CPU.ActiveCfg = Release|Any CPU
		{8DAA3A2E-D846-4241-BD11-D8A9F038AFDF}.Release|Any CPU.Build.0 = Release|Any CPU
		{A7FE5AFA-C958-4AD8-A54C-84F2605C0EE3}.Debug|Any CPU.ActiveCfg = Debug|Any CPU
		{A7FE5AFA-C958-4AD8-A54C-84F2605C0EE3}.Debug|Any CPU.Build.0 = Debug|Any CPU
		{A7FE5AFA-C958-4AD8-A54C-84F2605C0EE3}.Release|Any CPU.ActiveCfg = Release|Any CPU
		{A7FE5AFA-C958-4AD8-A54C-84F2605C0EE3}.Release|Any CPU.Build.0 = Release|Any CPU
		{28507992-A28D-45B4-8B76-5A63F70F9891}.Debug|Any CPU.ActiveCfg = Debug|Any CPU
		{28507992-A28D-45B4-8B76-5A63F70F9891}.Debug|Any CPU.Build.0 = Debug|Any CPU
		{28507992-A28D-45B4-8B76-5A63F70F9891}.Release|Any CPU.ActiveCfg = Release|Any CPU
		{28507992-A28D-45B4-8B76-5A63F70F9891}.Release|Any CPU.Build.0 = Release|Any CPU
	EndGlobalSection
	GlobalSection(NestedProjects) = preSolution
		{D736BC1A-48AF-4C95-B9F1-AC4F1FC0E6FE} = {7B413C74-0352-4D71-A338-D0F92695BA98}
		{B47D9182-6A3E-40DD-8580-3968E42FC5B4} = {7B413C74-0352-4D71-A338-D0F92695BA98}
		{13EB5BA7-242E-45A6-9E2F-7825F104AD13} = {7B413C74-0352-4D71-A338-D0F92695BA98}
		{7DC5D542-87A6-4642-B31C-9482764CFDC3} = {7B413C74-0352-4D71-A338-D0F92695BA98}
		{077C026A-18CB-419E-A2BA-B6BBE745E0E0} = {7B413C74-0352-4D71-A338-D0F92695BA98}
		{34CBC134-94A1-42F9-9ECF-801FC9786DCE} = {7B413C74-0352-4D71-A338-D0F92695BA98}
		{22E87183-8BAD-4DE1-82AC-64839BE12EA7} = {7B413C74-0352-4D71-A338-D0F92695BA98}
		{D9A64F77-2467-4568-A901-435C4CA941C1} = {D736BC1A-48AF-4C95-B9F1-AC4F1FC0E6FE}
		{365ADC7B-0AF9-4B7A-AE29-AA97396BBF97} = {D736BC1A-48AF-4C95-B9F1-AC4F1FC0E6FE}
		{949C6D68-5DDB-4A42-9523-B1FBBC2522A2} = {D736BC1A-48AF-4C95-B9F1-AC4F1FC0E6FE}
		{F7A6DF47-619A-457C-A013-185C08B19E33} = {B47D9182-6A3E-40DD-8580-3968E42FC5B4}
		{795B1692-D051-4D36-8209-CC0D89963E8A} = {B47D9182-6A3E-40DD-8580-3968E42FC5B4}
		{9EE43E84-5CBA-490C-80AF-D9B79B22BE12} = {B47D9182-6A3E-40DD-8580-3968E42FC5B4}
		{6CCE97D3-908F-469D-914A-DD300BF718AF} = {7DC5D542-87A6-4642-B31C-9482764CFDC3}
		{FB5AAD17-DEEB-405C-8AED-141CADE85885} = {7DC5D542-87A6-4642-B31C-9482764CFDC3}
		{7442EBE9-69AA-4DE7-B607-F185B69D2D5C} = {7DC5D542-87A6-4642-B31C-9482764CFDC3}
		{649D97E2-E1AA-48A8-AF76-B6617437AA19} = {34CBC134-94A1-42F9-9ECF-801FC9786DCE}
		{8FB0ED40-3388-499A-948C-4AD62F575910} = {22E87183-8BAD-4DE1-82AC-64839BE12EA7}
		{7F48CD89-8F5C-4D79-8EDE-197E98E98FFC} = {34CBC134-94A1-42F9-9ECF-801FC9786DCE}
		{0009DB9A-0E29-478C-A292-659C7744D69F} = {34CBC134-94A1-42F9-9ECF-801FC9786DCE}
		{E023A2B1-7155-4D87-929D-5AB2A1639BFF} = {22E87183-8BAD-4DE1-82AC-64839BE12EA7}
		{F60E3DB8-1A48-422F-9DC0-4355298D9FB8} = {22E87183-8BAD-4DE1-82AC-64839BE12EA7}
		{6285BCEC-B05F-4A6C-B8AC-0719ECD43293} = {E78ED172-1BE2-461C-AD2C-4CF77C2A28F7}
		{CD423FD0-5DB2-469C-BA31-739338290466} = {077C026A-18CB-419E-A2BA-B6BBE745E0E0}
		{392C776A-C9C7-4435-A1F5-552246AEAD0D} = {077C026A-18CB-419E-A2BA-B6BBE745E0E0}
		{30F938BD-C19A-4A3F-B531-F045EEBDDE73} = {077C026A-18CB-419E-A2BA-B6BBE745E0E0}
		{CFB19D0C-52C3-4269-BB6E-846819EA3DFB} = {13EB5BA7-242E-45A6-9E2F-7825F104AD13}
		{DA5F6B82-AA4B-4A0D-8DC0-FB07E7289CD4} = {13EB5BA7-242E-45A6-9E2F-7825F104AD13}
		{0A6F8A63-304D-4EA6-9006-A5957BB497CF} = {13EB5BA7-242E-45A6-9E2F-7825F104AD13}
		{1A4C9953-9151-47F0-AAAF-9325D9158006} = {7B413C74-0352-4D71-A338-D0F92695BA98}
		{8DAA3A2E-D846-4241-BD11-D8A9F038AFDF} = {1A4C9953-9151-47F0-AAAF-9325D9158006}
		{A7FE5AFA-C958-4AD8-A54C-84F2605C0EE3} = {1A4C9953-9151-47F0-AAAF-9325D9158006}
		{28507992-A28D-45B4-8B76-5A63F70F9891} = {1A4C9953-9151-47F0-AAAF-9325D9158006}
	EndGlobalSection
EndGlobal
